
Microsoft Visual Studio Solution File, Format Version 12.00
# Visual Studio Version 17
VisualStudioVersion = 17.4.33213.308
MinimumVisualStudioVersion = 10.0.40219.1
Project("{FAE04EC0-301F-11D3-BF4B-00C04F79EFBC}") = "Library", "Library\Library.csproj", "{E85DC7D4-2B05-4C18-864F-FFFF467F9CAA}"
EndProject
Global
	GlobalSection(SolutionConfigurationPlatforms) = preSolution
		Debug|Any CPU = Debug|Any CPU
		Release|Any CPU = Release|Any CPU
	EndGlobalSection
	GlobalSection(ProjectConfigurationPlatforms) = postSolution
		{E85DC7D4-2B05-4C18-864F-FFFF467F9CAA}.Debug|Any CPU.ActiveCfg = Debug|Any CPU
		{E85DC7D4-2B05-4C18-864F-FFFF467F9CAA}.Debug|Any CPU.Build.0 = Debug|Any CPU
		{E85DC7D4-2B05-4C18-864F-FFFF467F9CAA}.Release|Any CPU.ActiveCfg = Release|Any CPU
		{E85DC7D4-2B05-4C18-864F-FFFF467F9CAA}.Release|Any CPU.Build.0 = Release|Any CPU
	EndGlobalSection
	GlobalSection(SolutionProperties) = preSolution
		HideSolutionNode = FALSE
	EndGlobalSection
	GlobalSection(ExtensibilityGlobals) = postSolution
		SolutionGuid = {5CB2C87B-AF86-4EEB-B823-DF999F67DEF2}
	EndGlobalSection
EndGlobal
